
Microsoft Visual Studio Solution File, Format Version 12.00
# Visual Studio 2013
VisualStudioVersion = 12.0.21005.1
MinimumVisualStudioVersion = 10.0.40219.1
Project("{FAE04EC0-301F-11D3-BF4B-00C04F79EFBC}") = "04. HelloWorld", "04. Hello World\04. HelloWorld.csproj", "{974F1DA3-336F-43F3-81FD-18E48D214059}"
EndProject
Project("{FAE04EC0-301F-11D3-BF4B-00C04F79EFBC}") = "05.PrintYourName", "05.Problem 5. Print Your Name\05.PrintYourName.csproj", "{538314BA-7B17-4F2E-AFB0-ADB896B431DE}"
EndProject
Project("{FAE04EC0-301F-11D3-BF4B-00C04F79EFBC}") = "06.Print Numbers", "06.Print Numbers\06.Print Numbers.csproj", "{947266C9-0987-4182-A63C-AA2DC3792550}"
EndProject
Project("{FAE04EC0-301F-11D3-BF4B-00C04F79EFBC}") = "07.PrintFirstandLastName", "07.Print First and Last Name\07.PrintFirstandLastName.csproj", "{4FE54AE9-F21A-4EF7-B4B1-CAD87FE2B77C}"
EndProject
Project("{FAE04EC0-301F-11D3-BF4B-00C04F79EFBC}") = "08.Square", "08.Square\08.Square.csproj", "{7C4792B7-B038-4477-9C98-561A15C5F1DF}"
EndProject
Project("{FAE04EC0-301F-11D3-BF4B-00C04F79EFBC}") = "09.PrintSequence", "09.PrintSequence\09.PrintSequence.csproj", "{E10E45F7-0238-4D31-9F2C-0CB3720615E2}"
EndProject
Project("{FAE04EC0-301F-11D3-BF4B-00C04F79EFBC}") = "10.HorribleCode", "10.HorribleCode\10.HorribleCode.csproj", "{06E10B8A-2797-498C-B791-CD2024F4C55B}"
EndProject
Project("{FAE04EC0-301F-11D3-BF4B-00C04F79EFBC}") = "14.Current Date and Time", "14.Current Date and Time\14.Current Date and Time.csproj", "{31E8C6A6-3DD6-4CD6-BFBA-70BFBBC8CE71}"
EndProject
Project("{FAE04EC0-301F-11D3-BF4B-00C04F79EFBC}") = "15.Age after 10 Years", "15.Age after 10 Years\15.Age after 10 Years.csproj", "{3C875113-5ECC-4857-9440-816AA0B33770}"
EndProject
Project("{FAE04EC0-301F-11D3-BF4B-00C04F79EFBC}") = "16.Print Long Sequence", "16.Print Long Sequence\16.Print Long Sequence.csproj", "{F312C32D-08CD-40D4-A4D5-3C5E6F51047B}"
EndProject
Project("{FAE04EC0-301F-11D3-BF4B-00C04F79EFBC}") = "17.Play with the Debugger", "17.Play with the Debugger\17.Play with the Debugger.csproj", "{AD0746B1-B527-40B8-8C73-C2034DF2FB09}"
EndProject
Global
	GlobalSection(SolutionConfigurationPlatforms) = preSolution
		Debug|Any CPU = Debug|Any CPU
		Release|Any CPU = Release|Any CPU
	EndGlobalSection
	GlobalSection(ProjectConfigurationPlatforms) = postSolution
		{974F1DA3-336F-43F3-81FD-18E48D214059}.Debug|Any CPU.ActiveCfg = Debug|Any CPU
		{974F1DA3-336F-43F3-81FD-18E48D214059}.Debug|Any CPU.Build.0 = Debug|Any CPU
		{974F1DA3-336F-43F3-81FD-18E48D214059}.Release|Any CPU.ActiveCfg = Release|Any CPU
		{974F1DA3-336F-43F3-81FD-18E48D214059}.Release|Any CPU.Build.0 = Release|Any CPU
		{538314BA-7B17-4F2E-AFB0-ADB896B431DE}.Debug|Any CPU.ActiveCfg = Debug|Any CPU
		{538314BA-7B17-4F2E-AFB0-ADB896B431DE}.Debug|Any CPU.Build.0 = Debug|Any CPU
		{538314BA-7B17-4F2E-AFB0-ADB896B431DE}.Release|Any CPU.ActiveCfg = Release|Any CPU
		{538314BA-7B17-4F2E-AFB0-ADB896B431DE}.Release|Any CPU.Build.0 = Release|Any CPU
		{947266C9-0987-4182-A63C-AA2DC3792550}.Debug|Any CPU.ActiveCfg = Debug|Any CPU
		{947266C9-0987-4182-A63C-AA2DC3792550}.Debug|Any CPU.Build.0 = Debug|Any CPU
		{947266C9-0987-4182-A63C-AA2DC3792550}.Release|Any CPU.ActiveCfg = Release|Any CPU
		{947266C9-0987-4182-A63C-AA2DC3792550}.Release|Any CPU.Build.0 = Release|Any CPU
		{4FE54AE9-F21A-4EF7-B4B1-CAD87FE2B77C}.Debug|Any CPU.ActiveCfg = Debug|Any CPU
		{4FE54AE9-F21A-4EF7-B4B1-CAD87FE2B77C}.Debug|Any CPU.Build.0 = Debug|Any CPU
		{4FE54AE9-F21A-4EF7-B4B1-CAD87FE2B77C}.Release|Any CPU.ActiveCfg = Release|Any CPU
		{4FE54AE9-F21A-4EF7-B4B1-CAD87FE2B77C}.Release|Any CPU.Build.0 = Release|Any CPU
		{7C4792B7-B038-4477-9C98-561A15C5F1DF}.Debug|Any CPU.ActiveCfg = Debug|Any CPU
		{7C4792B7-B038-4477-9C98-561A15C5F1DF}.Debug|Any CPU.Build.0 = Debug|Any CPU
		{7C4792B7-B038-4477-9C98-561A15C5F1DF}.Release|Any CPU.ActiveCfg = Release|Any CPU
		{7C4792B7-B038-4477-9C98-561A15C5F1DF}.Release|Any CPU.Build.0 = Release|Any CPU
		{E10E45F7-0238-4D31-9F2C-0CB3720615E2}.Debug|Any CPU.ActiveCfg = Debug|Any CPU
		{E10E45F7-0238-4D31-9F2C-0CB3720615E2}.Debug|Any CPU.Build.0 = Debug|Any CPU
		{E10E45F7-0238-4D31-9F2C-0CB3720615E2}.Release|Any CPU.ActiveCfg = Release|Any CPU
		{E10E45F7-0238-4D31-9F2C-0CB3720615E2}.Release|Any CPU.Build.0 = Release|Any CPU
		{06E10B8A-2797-498C-B791-CD2024F4C55B}.Debug|Any CPU.ActiveCfg = Debug|Any CPU
		{06E10B8A-2797-498C-B791-CD2024F4C55B}.Debug|Any CPU.Build.0 = Debug|Any CPU
		{06E10B8A-2797-498C-B791-CD2024F4C55B}.Release|Any CPU.ActiveCfg = Release|Any CPU
		{06E10B8A-2797-498C-B791-CD2024F4C55B}.Release|Any CPU.Build.0 = Release|Any CPU
		{31E8C6A6-3DD6-4CD6-BFBA-70BFBBC8CE71}.Debug|Any CPU.ActiveCfg = Debug|Any CPU
		{31E8C6A6-3DD6-4CD6-BFBA-70BFBBC8CE71}.Debug|Any CPU.Build.0 = Debug|Any CPU
		{31E8C6A6-3DD6-4CD6-BFBA-70BFBBC8CE71}.Release|Any CPU.ActiveCfg = Release|Any CPU
		{31E8C6A6-3DD6-4CD6-BFBA-70BFBBC8CE71}.Release|Any CPU.Build.0 = Release|Any CPU
		{3C875113-5ECC-4857-9440-816AA0B33770}.Debug|Any CPU.ActiveCfg = Debug|Any CPU
		{3C875113-5ECC-4857-9440-816AA0B33770}.Debug|Any CPU.Build.0 = Debug|Any CPU
		{3C875113-5ECC-4857-9440-816AA0B33770}.Release|Any CPU.ActiveCfg = Release|Any CPU
		{3C875113-5ECC-4857-9440-816AA0B33770}.Release|Any CPU.Build.0 = Release|Any CPU
		{F312C32D-08CD-40D4-A4D5-3C5E6F51047B}.Debug|Any CPU.ActiveCfg = Debug|Any CPU
		{F312C32D-08CD-40D4-A4D5-3C5E6F51047B}.Debug|Any CPU.Build.0 = Debug|Any CPU
		{F312C32D-08CD-40D4-A4D5-3C5E6F51047B}.Release|Any CPU.ActiveCfg = Release|Any CPU
		{F312C32D-08CD-40D4-A4D5-3C5E6F51047B}.Release|Any CPU.Build.0 = Release|Any CPU
		{AD0746B1-B527-40B8-8C73-C2034DF2FB09}.Debug|Any CPU.ActiveCfg = Debug|Any CPU
		{AD0746B1-B527-40B8-8C73-C2034DF2FB09}.Debug|Any CPU.Build.0 = Debug|Any CPU
		{AD0746B1-B527-40B8-8C73-C2034DF2FB09}.Release|Any CPU.ActiveCfg = Release|Any CPU
		{AD0746B1-B527-40B8-8C73-C2034DF2FB09}.Release|Any CPU.Build.0 = Release|Any CPU
	EndGlobalSection
	GlobalSection(SolutionProperties) = preSolution
		HideSolutionNode = FALSE
	EndGlobalSection
EndGlobal
